
Microsoft Visual Studio Solution File, Format Version 12.00
# Visual Studio Version 17
VisualStudioVersion = 17.0.31611.283
MinimumVisualStudioVersion = 10.0.40219.1
Project("{9A19103F-16F7-4668-BE54-9A1E7A4F7556}") = "Maons", "Maons\Maons.csproj", "{2EE3FF32-E769-4515-B57D-60F4BB1B0571}"
EndProject
Project("{9A19103F-16F7-4668-BE54-9A1E7A4F7556}") = "NASMB.Wallet", "..\NASMB\NASMB.Wallet\NASMB.Wallet.csproj", "{F9A18268-A56C-41EE-BC8B-11C1C5E16961}"
EndProject
Project("{9A19103F-16F7-4668-BE54-9A1E7A4F7556}") = "Magic.MAUI", "Magic.MAUI\Magic.MAUI.csproj", "{2FBED966-7245-4BB6-85C3-706CEE05BE37}"
EndProject
Project("{9A19103F-16F7-4668-BE54-9A1E7A4F7556}") = "NASMB", "..\NASMB\NASMB\NASMB.csproj", "{83E56C78-F90D-4B01-825A-17FA00A00E71}"
EndProject
Project("{9A19103F-16F7-4668-BE54-9A1E7A4F7556}") = "MaonsLayout", "MaonsLayout\MaonsLayout.csproj", "{41969FF6-6CE0-4F74-8F07-B69D57355DAB}"
EndProject
Project("{9A19103F-16F7-4668-BE54-9A1E7A4F7556}") = "MauiApp3", "MauiApp3\MauiApp3.csproj", "{F04533C8-B6A5-4BA4-8AD3-DE0FF011FA20}"
EndProject
Project("{FAE04EC0-301F-11D3-BF4B-00C04F79EFBC}") = "MauiApp4", "MauiApp4\MauiApp4.csproj", "{9015686E-780A-400A-9F10-34114328E0DF}"
EndProject
Global
	GlobalSection(SolutionConfigurationPlatforms) = preSolution
		Debug|Any CPU = Debug|Any CPU
		Debug|ARM32 = Debug|ARM32
		Debug|ARM64 = Debug|ARM64
		Release|Any CPU = Release|Any CPU
		Release|ARM32 = Release|ARM32
		Release|ARM64 = Release|ARM64
	EndGlobalSection
	GlobalSection(ProjectConfigurationPlatforms) = postSolution
		{2EE3FF32-E769-4515-B57D-60F4BB1B0571}.Debug|Any CPU.ActiveCfg = Debug|Any CPU
		{2EE3FF32-E769-4515-B57D-60F4BB1B0571}.Debug|Any CPU.Build.0 = Debug|Any CPU
		{2EE3FF32-E769-4515-B57D-60F4BB1B0571}.Debug|Any CPU.Deploy.0 = Debug|Any CPU
		{2EE3FF32-E769-4515-B57D-60F4BB1B0571}.Debug|ARM32.ActiveCfg = Debug|ARM32
		{2EE3FF32-E769-4515-B57D-60F4BB1B0571}.Debug|ARM32.Build.0 = Debug|ARM32
		{2EE3FF32-E769-4515-B57D-60F4BB1B0571}.Debug|ARM32.Deploy.0 = Debug|ARM32
		{2EE3FF32-E769-4515-B57D-60F4BB1B0571}.Debug|ARM64.ActiveCfg = Debug|ARM64
		{2EE3FF32-E769-4515-B57D-60F4BB1B0571}.Debug|ARM64.Build.0 = Debug|ARM64
		{2EE3FF32-E769-4515-B57D-60F4BB1B0571}.Debug|ARM64.Deploy.0 = Debug|ARM64
		{2EE3FF32-E769-4515-B57D-60F4BB1B0571}.Release|Any CPU.ActiveCfg = Release|Any CPU
		{2EE3FF32-E769-4515-B57D-60F4BB1B0571}.Release|Any CPU.Build.0 = Release|Any CPU
		{2EE3FF32-E769-4515-B57D-60F4BB1B0571}.Release|Any CPU.Deploy.0 = Release|Any CPU
		{2EE3FF32-E769-4515-B57D-60F4BB1B0571}.Release|ARM32.ActiveCfg = Release|ARM32
		{2EE3FF32-E769-4515-B57D-60F4BB1B0571}.Release|ARM32.Build.0 = Release|ARM32
		{2EE3FF32-E769-4515-B57D-60F4BB1B0571}.Release|ARM32.Deploy.0 = Release|ARM32
		{2EE3FF32-E769-4515-B57D-60F4BB1B0571}.Release|ARM64.ActiveCfg = Release|ARM64
		{2EE3FF32-E769-4515-B57D-60F4BB1B0571}.Release|ARM64.Build.0 = Release|ARM64
		{2EE3FF32-E769-4515-B57D-60F4BB1B0571}.Release|ARM64.Deploy.0 = Release|ARM64
		{F9A18268-A56C-41EE-BC8B-11C1C5E16961}.Debug|Any CPU.ActiveCfg = Debug|Any CPU
		{F9A18268-A56C-41EE-BC8B-11C1C5E16961}.Debug|Any CPU.Build.0 = Debug|Any CPU
		{F9A18268-A56C-41EE-BC8B-11C1C5E16961}.Debug|ARM32.ActiveCfg = Debug|Any CPU
		{F9A18268-A56C-41EE-BC8B-11C1C5E16961}.Debug|ARM32.Build.0 = Debug|Any CPU
		{F9A18268-A56C-41EE-BC8B-11C1C5E16961}.Debug|ARM64.ActiveCfg = Debug|ARM64
		{F9A18268-A56C-41EE-BC8B-11C1C5E16961}.Debug|ARM64.Build.0 = Debug|ARM64
		{F9A18268-A56C-41EE-BC8B-11C1C5E16961}.Release|Any CPU.ActiveCfg = Release|Any CPU
		{F9A18268-A56C-41EE-BC8B-11C1C5E16961}.Release|Any CPU.Build.0 = Release|Any CPU
		{F9A18268-A56C-41EE-BC8B-11C1C5E16961}.Release|ARM32.ActiveCfg = Release|Any CPU
		{F9A18268-A56C-41EE-BC8B-11C1C5E16961}.Release|ARM32.Build.0 = Release|Any CPU
		{F9A18268-A56C-41EE-BC8B-11C1C5E16961}.Release|ARM64.ActiveCfg = Release|ARM64
		{F9A18268-A56C-41EE-BC8B-11C1C5E16961}.Release|ARM64.Build.0 = Release|ARM64
		{2FBED966-7245-4BB6-85C3-706CEE05BE37}.Debug|Any CPU.ActiveCfg = Debug|Any CPU
		{2FBED966-7245-4BB6-85C3-706CEE05BE37}.Debug|Any CPU.Build.0 = Debug|Any CPU
		{2FBED966-7245-4BB6-85C3-706CEE05BE37}.Debug|ARM32.ActiveCfg = Debug|Any CPU
		{2FBED966-7245-4BB6-85C3-706CEE05BE37}.Debug|ARM32.Build.0 = Debug|Any CPU
		{2FBED966-7245-4BB6-85C3-706CEE05BE37}.Debug|ARM64.ActiveCfg = Debug|ARM64
		{2FBED966-7245-4BB6-85C3-706CEE05BE37}.Debug|ARM64.Build.0 = Debug|ARM64
		{2FBED966-7245-4BB6-85C3-706CEE05BE37}.Release|Any CPU.ActiveCfg = Release|Any CPU
		{2FBED966-7245-4BB6-85C3-706CEE05BE37}.Release|Any CPU.Build.0 = Release|Any CPU
		{2FBED966-7245-4BB6-85C3-706CEE05BE37}.Release|ARM32.ActiveCfg = Release|Any CPU
		{2FBED966-7245-4BB6-85C3-706CEE05BE37}.Release|ARM32.Build.0 = Release|Any CPU
		{2FBED966-7245-4BB6-85C3-706CEE05BE37}.Release|ARM64.ActiveCfg = Release|ARM64
		{2FBED966-7245-4BB6-85C3-706CEE05BE37}.Release|ARM64.Build.0 = Release|ARM64
		{83E56C78-F90D-4B01-825A-17FA00A00E71}.Debug|Any CPU.ActiveCfg = Debug|Any CPU
		{83E56C78-F90D-4B01-825A-17FA00A00E71}.Debug|Any CPU.Build.0 = Debug|Any CPU
		{83E56C78-F90D-4B01-825A-17FA00A00E71}.Debug|ARM32.ActiveCfg = Debug|Any CPU
		{83E56C78-F90D-4B01-825A-17FA00A00E71}.Debug|ARM32.Build.0 = Debug|Any CPU
		{83E56C78-F90D-4B01-825A-17FA00A00E71}.Debug|ARM64.ActiveCfg = Debug|ARM64
		{83E56C78-F90D-4B01-825A-17FA00A00E71}.Debug|ARM64.Build.0 = Debug|ARM64
		{83E56C78-F90D-4B01-825A-17FA00A00E71}.Release|Any CPU.ActiveCfg = Release|Any CPU
		{83E56C78-F90D-4B01-825A-17FA00A00E71}.Release|Any CPU.Build.0 = Release|Any CPU
		{83E56C78-F90D-4B01-825A-17FA00A00E71}.Release|ARM32.ActiveCfg = Release|Any CPU
		{83E56C78-F90D-4B01-825A-17FA00A00E71}.Release|ARM32.Build.0 = Release|Any CPU
		{83E56C78-F90D-4B01-825A-17FA00A00E71}.Release|ARM64.ActiveCfg = Release|ARM64
		{83E56C78-F90D-4B01-825A-17FA00A00E71}.Release|ARM64.Build.0 = Release|ARM64
		{41969FF6-6CE0-4F74-8F07-B69D57355DAB}.Debug|Any CPU.ActiveCfg = Debug|Any CPU
		{41969FF6-6CE0-4F74-8F07-B69D57355DAB}.Debug|Any CPU.Build.0 = Debug|Any CPU
		{41969FF6-6CE0-4F74-8F07-B69D57355DAB}.Debug|ARM32.ActiveCfg = Debug|Any CPU
		{41969FF6-6CE0-4F74-8F07-B69D57355DAB}.Debug|ARM32.Build.0 = Debug|Any CPU
		{41969FF6-6CE0-4F74-8F07-B69D57355DAB}.Debug|ARM64.ActiveCfg = Debug|Any CPU
		{41969FF6-6CE0-4F74-8F07-B69D57355DAB}.Debug|ARM64.Build.0 = Debug|Any CPU
		{41969FF6-6CE0-4F74-8F07-B69D57355DAB}.Release|Any CPU.ActiveCfg = Release|Any CPU
		{41969FF6-6CE0-4F74-8F07-B69D57355DAB}.Release|Any CPU.Build.0 = Release|Any CPU
		{41969FF6-6CE0-4F74-8F07-B69D57355DAB}.Release|ARM32.ActiveCfg = Release|Any CPU
		{41969FF6-6CE0-4F74-8F07-B69D57355DAB}.Release|ARM32.Build.0 = Release|Any CPU
		{41969FF6-6CE0-4F74-8F07-B69D57355DAB}.Release|ARM64.ActiveCfg = Release|Any CPU
		{41969FF6-6CE0-4F74-8F07-B69D57355DAB}.Release|ARM64.Build.0 = Release|Any CPU
		{F04533C8-B6A5-4BA4-8AD3-DE0FF011FA20}.Debug|Any CPU.ActiveCfg = Debug|Any CPU
		{F04533C8-B6A5-4BA4-8AD3-DE0FF011FA20}.Debug|Any CPU.Build.0 = Debug|Any CPU
		{F04533C8-B6A5-4BA4-8AD3-DE0FF011FA20}.Debug|Any CPU.Deploy.0 = Debug|Any CPU
		{F04533C8-B6A5-4BA4-8AD3-DE0FF011FA20}.Debug|ARM32.ActiveCfg = Debug|Any CPU
		{F04533C8-B6A5-4BA4-8AD3-DE0FF011FA20}.Debug|ARM32.Build.0 = Debug|Any CPU
		{F04533C8-B6A5-4BA4-8AD3-DE0FF011FA20}.Debug|ARM32.Deploy.0 = Debug|Any CPU
		{F04533C8-B6A5-4BA4-8AD3-DE0FF011FA20}.Debug|ARM64.ActiveCfg = Debug|Any CPU
		{F04533C8-B6A5-4BA4-8AD3-DE0FF011FA20}.Debug|ARM64.Build.0 = Debug|Any CPU
		{F04533C8-B6A5-4BA4-8AD3-DE0FF011FA20}.Debug|ARM64.Deploy.0 = Debug|Any CPU
		{F04533C8-B6A5-4BA4-8AD3-DE0FF011FA20}.Release|Any CPU.ActiveCfg = Release|Any CPU
		{F04533C8-B6A5-4BA4-8AD3-DE0FF011FA20}.Release|Any CPU.Build.0 = Release|Any CPU
		{F04533C8-B6A5-4BA4-8AD3-DE0FF011FA20}.Release|Any CPU.Deploy.0 = Release|Any CPU
		{F04533C8-B6A5-4BA4-8AD3-DE0FF011FA20}.Release|ARM32.ActiveCfg = Release|Any CPU
		{F04533C8-B6A5-4BA4-8AD3-DE0FF011FA20}.Release|ARM32.Build.0 = Release|Any CPU
		{F04533C8-B6A5-4BA4-8AD3-DE0FF011FA20}.Release|ARM32.Deploy.0 = Release|Any CPU
		{F04533C8-B6A5-4BA4-8AD3-DE0FF011FA20}.Release|ARM64.ActiveCfg = Release|Any CPU
		{F04533C8-B6A5-4BA4-8AD3-DE0FF011FA20}.Release|ARM64.Build.0 = Release|Any CPU
		{F04533C8-B6A5-4BA4-8AD3-DE0FF011FA20}.Release|ARM64.Deploy.0 = Release|Any CPU
		{9015686E-780A-400A-9F10-34114328E0DF}.Debug|Any CPU.ActiveCfg = Debug|Any CPU
		{9015686E-780A-400A-9F10-34114328E0DF}.Debug|Any CPU.Build.0 = Debug|Any CPU
		{9015686E-780A-400A-9F10-34114328E0DF}.Debug|Any CPU.Deploy.0 = Debug|Any CPU
		{9015686E-780A-400A-9F10-34114328E0DF}.Debug|ARM32.ActiveCfg = Debug|Any CPU
		{9015686E-780A-400A-9F10-34114328E0DF}.Debug|ARM32.Build.0 = Debug|Any CPU
		{9015686E-780A-400A-9F10-34114328E0DF}.Debug|ARM32.Deploy.0 = Debug|Any CPU
		{9015686E-780A-400A-9F10-34114328E0DF}.Debug|ARM64.ActiveCfg = Debug|Any CPU
		{9015686E-780A-400A-9F10-34114328E0DF}.Debug|ARM64.Build.0 = Debug|Any CPU
		{9015686E-780A-400A-9F10-34114328E0DF}.Debug|ARM64.Deploy.0 = Debug|Any CPU
		{9015686E-780A-400A-9F10-34114328E0DF}.Release|Any CPU.ActiveCfg = Release|Any CPU
		{9015686E-780A-400A-9F10-34114328E0DF}.Release|Any CPU.Build.0 = Release|Any CPU
		{9015686E-780A-400A-9F10-34114328E0DF}.Release|Any CPU.Deploy.0 = Release|Any CPU
		{9015686E-780A-400A-9F10-34114328E0DF}.Release|ARM32.ActiveCfg = Release|Any CPU
		{9015686E-780A-400A-9F10-34114328E0DF}.Release|ARM32.Build.0 = Release|Any CPU
		{9015686E-780A-400A-9F10-34114328E0DF}.Release|ARM32.Deploy.0 = Release|Any CPU
		{9015686E-780A-400A-9F10-34114328E0DF}.Release|ARM64.ActiveCfg = Release|Any CPU
		{9015686E-780A-400A-9F10-34114328E0DF}.Release|ARM64.Build.0 = Release|Any CPU
		{9015686E-780A-400A-9F10-34114328E0DF}.Release|ARM64.Deploy.0 = Release|Any CPU
	EndGlobalSection
	GlobalSection(SolutionProperties) = preSolution
		HideSolutionNode = FALSE
	EndGlobalSection
	GlobalSection(ExtensibilityGlobals) = postSolution
		SolutionGuid = {61F7FB11-1E47-470C-91E2-47F8143E1572}
	EndGlobalSection
EndGlobal
